
Microsoft Visual Studio Solution File, Format Version 12.00
# Visual Studio Version 17
VisualStudioVersion = 17.12.35707.178
MinimumVisualStudioVersion = 10.0.40219.1
Project("{FAE04EC0-301F-11D3-BF4B-00C04F79EFBC}") = "BlocoDeNotas", "BlocoDeNotas\BlocoDeNotas.csproj", "{2A3B15A5-BEE4-4EC1-83E9-CA3CF560C510}"
EndProject
Project("{FAE04EC0-301F-11D3-BF4B-00C04F79EFBC}") = "BlocoDeNotas.IO", "BlocoDeNotas.IO\BlocoDeNotas.IO.csproj", "{01567646-29AE-475B-B1EC-3D1562AFF0EC}"
EndProject
Global
	GlobalSection(SolutionConfigurationPlatforms) = preSolution
		All|Any CPU = All|Any CPU
		All|x64 = All|x64
		Debug|Any CPU = Debug|Any CPU
		Debug|x64 = Debug|x64
		DefaultBuild|Any CPU = DefaultBuild|Any CPU
		DefaultBuild|x64 = DefaultBuild|x64
		Release|Any CPU = Release|Any CPU
		Release|x64 = Release|x64
	EndGlobalSection
	GlobalSection(ProjectConfigurationPlatforms) = postSolution
		{2A3B15A5-BEE4-4EC1-83E9-CA3CF560C510}.All|Any CPU.ActiveCfg = Debug|Any CPU
		{2A3B15A5-BEE4-4EC1-83E9-CA3CF560C510}.All|Any CPU.Build.0 = Debug|Any CPU
		{2A3B15A5-BEE4-4EC1-83E9-CA3CF560C510}.All|x64.ActiveCfg = Debug|x64
		{2A3B15A5-BEE4-4EC1-83E9-CA3CF560C510}.All|x64.Build.0 = Debug|x64
		{2A3B15A5-BEE4-4EC1-83E9-CA3CF560C510}.Debug|Any CPU.ActiveCfg = Debug|Any CPU
		{2A3B15A5-BEE4-4EC1-83E9-CA3CF560C510}.Debug|Any CPU.Build.0 = Debug|Any CPU
		{2A3B15A5-BEE4-4EC1-83E9-CA3CF560C510}.Debug|x64.ActiveCfg = Debug|x64
		{2A3B15A5-BEE4-4EC1-83E9-CA3CF560C510}.Debug|x64.Build.0 = Debug|x64
		{2A3B15A5-BEE4-4EC1-83E9-CA3CF560C510}.DefaultBuild|Any CPU.ActiveCfg = Release|Any CPU
		{2A3B15A5-BEE4-4EC1-83E9-CA3CF560C510}.DefaultBuild|Any CPU.Build.0 = Release|Any CPU
		{2A3B15A5-BEE4-4EC1-83E9-CA3CF560C510}.DefaultBuild|x64.ActiveCfg = Release|x64
		{2A3B15A5-BEE4-4EC1-83E9-CA3CF560C510}.DefaultBuild|x64.Build.0 = Release|x64
		{2A3B15A5-BEE4-4EC1-83E9-CA3CF560C510}.Release|Any CPU.ActiveCfg = Release|Any CPU
		{2A3B15A5-BEE4-4EC1-83E9-CA3CF560C510}.Release|Any CPU.Build.0 = Release|Any CPU
		{2A3B15A5-BEE4-4EC1-83E9-CA3CF560C510}.Release|x64.ActiveCfg = Release|x64
		{2A3B15A5-BEE4-4EC1-83E9-CA3CF560C510}.Release|x64.Build.0 = Release|x64
		{01567646-29AE-475B-B1EC-3D1562AFF0EC}.All|Any CPU.ActiveCfg = Debug|Any CPU
		{01567646-29AE-475B-B1EC-3D1562AFF0EC}.All|Any CPU.Build.0 = Debug|Any CPU
		{01567646-29AE-475B-B1EC-3D1562AFF0EC}.All|x64.ActiveCfg = Debug|Any CPU
		{01567646-29AE-475B-B1EC-3D1562AFF0EC}.All|x64.Build.0 = Debug|Any CPU
		{01567646-29AE-475B-B1EC-3D1562AFF0EC}.Debug|Any CPU.ActiveCfg = Debug|Any CPU
		{01567646-29AE-475B-B1EC-3D1562AFF0EC}.Debug|Any CPU.Build.0 = Debug|Any CPU
		{01567646-29AE-475B-B1EC-3D1562AFF0EC}.Debug|x64.ActiveCfg = Debug|Any CPU
		{01567646-29AE-475B-B1EC-3D1562AFF0EC}.Debug|x64.Build.0 = Debug|Any CPU
		{01567646-29AE-475B-B1EC-3D1562AFF0EC}.DefaultBuild|Any CPU.ActiveCfg = Release|Any CPU
		{01567646-29AE-475B-B1EC-3D1562AFF0EC}.DefaultBuild|Any CPU.Build.0 = Release|Any CPU
		{01567646-29AE-475B-B1EC-3D1562AFF0EC}.DefaultBuild|x64.ActiveCfg = Release|Any CPU
		{01567646-29AE-475B-B1EC-3D1562AFF0EC}.DefaultBuild|x64.Build.0 = Release|Any CPU
		{01567646-29AE-475B-B1EC-3D1562AFF0EC}.Release|Any CPU.ActiveCfg = Release|Any CPU
		{01567646-29AE-475B-B1EC-3D1562AFF0EC}.Release|Any CPU.Build.0 = Release|Any CPU
		{01567646-29AE-475B-B1EC-3D1562AFF0EC}.Release|x64.ActiveCfg = Release|Any CPU
		{01567646-29AE-475B-B1EC-3D1562AFF0EC}.Release|x64.Build.0 = Release|Any CPU
	EndGlobalSection
	GlobalSection(SolutionProperties) = preSolution
		HideSolutionNode = FALSE
	EndGlobalSection
	GlobalSection(ExtensibilityGlobals) = postSolution
		SolutionGuid = {9F9B255D-F9F5-4F5F-ACD8-3D7F89E78C0B}
	EndGlobalSection
EndGlobal
